
Microsoft Visual Studio Solution File, Format Version 11.00
# Visual Web Developer Express 2010
Project("{FAE04EC0-301F-11D3-BF4B-00C04F79EFBC}") = "MvcEventCalendar", "MvcEventCalendar\MvcEventCalendar.csproj", "{ACDC4C9A-ADBC-40C8-B499-29AF5FE973DA}"
EndProject
Global
	GlobalSection(SolutionConfigurationPlatforms) = preSolution
		Debug|Any CPU = Debug|Any CPU
		Release|Any CPU = Release|Any CPU
	EndGlobalSection
	GlobalSection(ProjectConfigurationPlatforms) = postSolution
		{ACDC4C9A-ADBC-40C8-B499-29AF5FE973DA}.Debug|Any CPU.ActiveCfg = Debug|Any CPU
		{ACDC4C9A-ADBC-40C8-B499-29AF5FE973DA}.Debug|Any CPU.Build.0 = Debug|Any CPU
		{ACDC4C9A-ADBC-40C8-B499-29AF5FE973DA}.Release|Any CPU.ActiveCfg = Release|Any CPU
		{ACDC4C9A-ADBC-40C8-B499-29AF5FE973DA}.Release|Any CPU.Build.0 = Release|Any CPU
	EndGlobalSection
	GlobalSection(SolutionProperties) = preSolution
		HideSolutionNode = FALSE
	EndGlobalSection
EndGlobal
